// !$*UTF8*$!
{
	archiveVersion = 1;
	classes = {
	};
	objectVersion = 50;
	objects = {

/* Begin PBXBuildFile section */
		189ACA8D22BD8F47003EC3FC /* AppDelegate.swift in Sources */ = {isa = PBXBuildFile; fileRef = 189ACA8C22BD8F47003EC3FC /* AppDelegate.swift */; };
		189ACA8F22BD8F47003EC3FC /* ViewController.swift in Sources */ = {isa = PBXBuildFile; fileRef = 189ACA8E22BD8F47003EC3FC /* ViewController.swift */; };
		189ACA9222BD8F47003EC3FC /* Main.storyboard in Resources */ = {isa = PBXBuildFile; fileRef = 189ACA9022BD8F47003EC3FC /* Main.storyboard */; };
		189ACA9422BD8F48003EC3FC /* Assets.xcassets in Resources */ = {isa = PBXBuildFile; fileRef = 189ACA9322BD8F48003EC3FC /* Assets.xcassets */; };
		189ACA9722BD8F48003EC3FC /* LaunchScreen.storyboard in Resources */ = {isa = PBXBuildFile; fileRef = 189ACA9522BD8F48003EC3FC /* LaunchScreen.storyboard */; };
		189ACAA222BD8F48003EC3FC /* SeguePracticeTests.swift in Sources */ = {isa = PBXBuildFile; fileRef = 189ACAA122BD8F48003EC3FC /* SeguePracticeTests.swift */; };
		189ACAAD22BD8F48003EC3FC /* SeguePracticeUITests.swift in Sources */ = {isa = PBXBuildFile; fileRef = 189ACAAC22BD8F48003EC3FC /* SeguePracticeUITests.swift */; };
		189ACABC22BD8F5E003EC3FC /* WebKit.framework in Frameworks */ = {isa = PBXBuildFile; fileRef = 189ACABB22BD8F5E003EC3FC /* WebKit.framework */; };
/* End PBXBuildFile section */

/* Begin PBXContainerItemProxy section */
		189ACA9E22BD8F48003EC3FC /* PBXContainerItemProxy */ = {
			isa = PBXContainerItemProxy;
			containerPortal = 189ACA8122BD8F47003EC3FC /* Project object */;
			proxyType = 1;
			remoteGlobalIDString = 189ACA8822BD8F47003EC3FC;
			remoteInfo = SeguePractice;
		};
		189ACAA922BD8F48003EC3FC /* PBXContainerItemProxy */ = {
			isa = PBXContainerItemProxy;
			containerPortal = 189ACA8122BD8F47003EC3FC /* Project object */;
			proxyType = 1;
			remoteGlobalIDString = 189ACA8822BD8F47003EC3FC;
			remoteInfo = SeguePractice;
		};
/* End PBXContainerItemProxy section */

/* Begin PBXFileReference section */
		189ACA8922BD8F47003EC3FC /* SeguePractice.app */ = {isa = PBXFileReference; explicitFileType = wrapper.application; includeInIndex = 0; path = SeguePractice.app; sourceTree = BUILT_PRODUCTS_DIR; };
		189ACA8C22BD8F47003EC3FC /* AppDelegate.swift */ = {isa = PBXFileReference; lastKnownFileType = sourcecode.swift; path = AppDelegate.swift; sourceTree = "<group>"; };
		189ACA8E22BD8F47003EC3FC /* ViewController.swift */ = {isa = PBXFileReference; lastKnownFileType = sourcecode.swift; path = ViewController.swift; sourceTree = "<group>"; };
		189ACA9122BD8F47003EC3FC /* Base */ = {isa = PBXFileReference; lastKnownFileType = file.storyboard; name = Base; path = Base.lproj/Main.storyboard; sourceTree = "<group>"; };
		189ACA9322BD8F48003EC3FC /* Assets.xcassets */ = {isa = PBXFileReference; lastKnownFileType = folder.assetcatalog; path = Assets.xcassets; sourceTree = "<group>"; };
		189ACA9622BD8F48003EC3FC /* Base */ = {isa = PBXFileReference; lastKnownFileType = file.storyboard; name = Base; path = Base.lproj/LaunchScreen.storyboard; sourceTree = "<group>"; };
		189ACA9822BD8F48003EC3FC /* Info.plist */ = {isa = PBXFileReference; lastKnownFileType = text.plist.xml; path = Info.plist; sourceTree = "<group>"; };
		189ACA9D22BD8F48003EC3FC /* SeguePracticeTests.xctest */ = {isa = PBXFileReference; explicitFileType = wrapper.cfbundle; includeInIndex = 0; path = SeguePracticeTests.xctest; sourceTree = BUILT_PRODUCTS_DIR; };
		189ACAA122BD8F48003EC3FC /* SeguePracticeTests.swift */ = {isa = PBXFileReference; lastKnownFileType = sourcecode.swift; path = SeguePracticeTests.swift; sourceTree = "<group>"; };
		189ACAA322BD8F48003EC3FC /* Info.plist */ = {isa = PBXFileReference; lastKnownFileType = text.plist.xml; path = Info.plist; sourceTree = "<group>"; };
		189ACAA822BD8F48003EC3FC /* SeguePracticeUITests.xctest */ = {isa = PBXFileReference; explicitFileType = wrapper.cfbundle; includeInIndex = 0; path = SeguePracticeUITests.xctest; sourceTree = BUILT_PRODUCTS_DIR; };
		189ACAAC22BD8F48003EC3FC /* SeguePracticeUITests.swift */ = {isa = PBXFileReference; lastKnownFileType = sourcecode.swift; path = SeguePracticeUITests.swift; sourceTree = "<group>"; };
		189ACAAE22BD8F48003EC3FC /* Info.plist */ = {isa = PBXFileReference; lastKnownFileType = text.plist.xml; path = Info.plist; sourceTree = "<group>"; };
		189ACABB22BD8F5E003EC3FC /* WebKit.framework */ = {isa = PBXFileReference; lastKnownFileType = wrapper.framework; name = WebKit.framework; path = System/Library/Frameworks/WebKit.framework; sourceTree = SDKROOT; };
/* End PBXFileReference section */

/* Begin PBXFrameworksBuildPhase section */
		189ACA8622BD8F47003EC3FC /* Frameworks */ = {
			isa = PBXFrameworksBuildPhase;
			buildActionMask = 2147483647;
			files = (
				189ACABC22BD8F5E003EC3FC /* WebKit.framework in Frameworks */,
			);
			runOnlyForDeploymentPostprocessing = 0;
		};
		189ACA9A22BD8F48003EC3FC /* Frameworks */ = {
			isa = PBXFrameworksBuildPhase;
			buildActionMask = 2147483647;
			files = (
			);
			runOnlyForDeploymentPostprocessing = 0;
		};
		189ACAA522BD8F48003EC3FC /* Frameworks */ = {
			isa = PBXFrameworksBuildPhase;
			buildActionMask = 2147483647;
			files = (
			);
			runOnlyForDeploymentPostprocessing = 0;
		};
/* End PBXFrameworksBuildPhase section */

/* Begin PBXGroup section */
		189ACA8022BD8F47003EC3FC = {
			isa = PBXGroup;
			children = (
				189ACA8B22BD8F47003EC3FC /* SeguePractice */,
				189ACAA022BD8F48003EC3FC /* SeguePracticeTests */,
				189ACAAB22BD8F48003EC3FC /* SeguePracticeUITests */,
				189ACA8A22BD8F47003EC3FC /* Products */,
				189ACABA22BD8F5D003EC3FC /* Frameworks */,
			);
			sourceTree = "<group>";
		};
		189ACA8A22BD8F47003EC3FC /* Products */ = {
			isa = PBXGroup;
			children = (
				189ACA8922BD8F47003EC3FC /* SeguePractice.app */,
				189ACA9D22BD8F48003EC3FC /* SeguePracticeTests.xctest */,
				189ACAA822BD8F48003EC3FC /* SeguePracticeUITests.xctest */,
			);
			name = Products;
			sourceTree = "<group>";
		};
		189ACA8B22BD8F47003EC3FC /* SeguePractice */ = {
			isa = PBXGroup;
			children = (
				189ACA8C22BD8F47003EC3FC /* AppDelegate.swift */,
				189ACA8E22BD8F47003EC3FC /* ViewController.swift */,
				189ACA9022BD8F47003EC3FC /* Main.storyboard */,
				189ACA9322BD8F48003EC3FC /* Assets.xcassets */,
				189ACA9522BD8F48003EC3FC /* LaunchScreen.storyboard */,
				189ACA9822BD8F48003EC3FC /* Info.plist */,
			);
			path = SeguePractice;
			sourceTree = "<group>";
		};
		189ACAA022BD8F48003EC3FC /* SeguePracticeTests */ = {
			isa = PBXGroup;
			children = (
				189ACAA122BD8F48003EC3FC /* SeguePracticeTests.swift */,
				189ACAA322BD8F48003EC3FC /* Info.plist */,
			);
			path = SeguePracticeTests;
			sourceTree = "<group>";
		};
		189ACAAB22BD8F48003EC3FC /* SeguePracticeUITests */ = {
			isa = PBXGroup;
			children = (
				189ACAAC22BD8F48003EC3FC /* SeguePracticeUITests.swift */,
				189ACAAE22BD8F48003EC3FC /* Info.plist */,
			);
			path = SeguePracticeUITests;
			sourceTree = "<group>";
		};
		189ACABA22BD8F5D003EC3FC /* Frameworks */ = {
			isa = PBXGroup;
			children = (
				189ACABB22BD8F5E003EC3FC /* WebKit.framework */,
			);
			name = Frameworks;
			sourceTree = "<group>";
		};
/* End PBXGroup section */

/* Begin PBXNativeTarget section */
		189ACA8822BD8F47003EC3FC /* SeguePractice */ = {
			isa = PBXNativeTarget;
			buildConfigurationList = 189ACAB122BD8F48003EC3FC /* Build configuration list for PBXNativeTarget "SeguePractice" */;
			buildPhases = (
				189ACA8522BD8F47003EC3FC /* Sources */,
				189ACA8622BD8F47003EC3FC /* Frameworks */,
				189ACA8722BD8F47003EC3FC /* Resources */,
			);
			buildRules = (
			);
			dependencies = (
			);
			name = SeguePractice;
			productName = SeguePractice;
			productReference = 189ACA8922BD8F47003EC3FC /* SeguePractice.app */;
			productType = "com.apple.product-type.application";
		};
		189ACA9C22BD8F48003EC3FC /* SeguePracticeTests */ = {
			isa = PBXNativeTarget;
			buildConfigurationList = 189ACAB422BD8F48003EC3FC /* Build configuration list for PBXNativeTarget "SeguePracticeTests" */;
			buildPhases = (
				189ACA9922BD8F48003EC3FC /* Sources */,
				189ACA9A22BD8F48003EC3FC /* Frameworks */,
				189ACA9B22BD8F48003EC3FC /* Resources */,
			);
			buildRules = (
			);
			dependencies = (
				189ACA9F22BD8F48003EC3FC /* PBXTargetDependency */,
			);
			name = SeguePracticeTests;
			productName = SeguePracticeTests;
			productReference = 189ACA9D22BD8F48003EC3FC /* SeguePracticeTests.xctest */;
			productType = "com.apple.product-type.bundle.unit-test";
		};
		189ACAA722BD8F48003EC3FC /* SeguePracticeUITests */ = {
			isa = PBXNativeTarget;
			buildConfigurationList = 189ACAB722BD8F48003EC3FC /* Build configuration list for PBXNativeTarget "SeguePracticeUITests" */;
			buildPhases = (
				189ACAA422BD8F48003EC3FC /* Sources */,
				189ACAA522BD8F48003EC3FC /* Frameworks */,
				189ACAA622BD8F48003EC3FC /* Resources */,
			);
			buildRules = (
			);
			dependencies = (
				189ACAAA22BD8F48003EC3FC /* PBXTargetDependency */,
			);
			name = SeguePracticeUITests;
			productName = SeguePracticeUITests;
			productReference = 189ACAA822BD8F48003EC3FC /* SeguePracticeUITests.xctest */;
			productType = "com.apple.product-type.bundle.ui-testing";
		};
/* End PBXNativeTarget section */

/* Begin PBXProject section */
		189ACA8122BD8F47003EC3FC /* Project object */ = {
			isa = PBXProject;
			attributes = {
				LastSwiftUpdateCheck = 1020;
				LastUpgradeCheck = 1020;
				ORGANIZATIONNAME = Apple;
				TargetAttributes = {
					189ACA8822BD8F47003EC3FC = {
						CreatedOnToolsVersion = 10.2.1;
					};
					189ACA9C22BD8F48003EC3FC = {
						CreatedOnToolsVersion = 10.2.1;
						TestTargetID = 189ACA8822BD8F47003EC3FC;
					};
					189ACAA722BD8F48003EC3FC = {
						CreatedOnToolsVersion = 10.2.1;
						TestTargetID = 189ACA8822BD8F47003EC3FC;
					};
				};
			};
			buildConfigurationList = 189ACA8422BD8F47003EC3FC /* Build configuration list for PBXProject "SeguePractice" */;
			compatibilityVersion = "Xcode 9.3";
			developmentRegion = en;
			hasScannedForEncodings = 0;
			knownRegions = (
				en,
				Base,
			);
			mainGroup = 189ACA8022BD8F47003EC3FC;
			productRefGroup = 189ACA8A22BD8F47003EC3FC /* Products */;
			projectDirPath = "";
			projectRoot = "";
			targets = (
				189ACA8822BD8F47003EC3FC /* SeguePractice */,
				189ACA9C22BD8F48003EC3FC /* SeguePracticeTests */,
				189ACAA722BD8F48003EC3FC /* SeguePracticeUITests */,
			);
		};
/* End PBXProject section */

/* Begin PBXResourcesBuildPhase section */
		189ACA8722BD8F47003EC3FC /* Resources */ = {
			isa = PBXResourcesBuildPhase;
			buildActionMask = 2147483647;
			files = (
				189ACA9722BD8F48003EC3FC /* LaunchScreen.storyboard in Resources */,
				189ACA9422BD8F48003EC3FC /* Assets.xcassets in Resources */,
				189ACA9222BD8F47003EC3FC /* Main.storyboard in Resources */,
			);
			runOnlyForDeploymentPostprocessing = 0;
		};
		189ACA9B22BD8F48003EC3FC /* Resources */ = {
			isa = PBXResourcesBuildPhase;
			buildActionMask = 2147483647;
			files = (
			);
			runOnlyForDeploymentPostprocessing = 0;
		};
		189ACAA622BD8F48003EC3FC /* Resources */ = {
			isa = PBXResourcesBuildPhase;
			buildActionMask = 2147483647;
			files = (
			);
			runOnlyForDeploymentPostprocessing = 0;
		};
/* End PBXResourcesBuildPhase section */

/* Begin PBXSourcesBuildPhase section */
		189ACA8522BD8F47003EC3FC /* Sources */ = {
			isa = PBXSourcesBuildPhase;
			buildActionMask = 2147483647;
			files = (
				189ACA8F22BD8F47003EC3FC /* ViewController.swift in Sources */,
				189ACA8D22BD8F47003EC3FC /* AppDelegate.swift in Sources */,
			);
			runOnlyForDeploymentPostprocessing = 0;
		};
		189ACA9922BD8F48003EC3FC /* Sources */ = {
			isa = PBXSourcesBuildPhase;
			buildActionMask = 2147483647;
			files = (
				189ACAA222BD8F48003EC3FC /* SeguePracticeTests.swift in Sources */,
			);
			runOnlyForDeploymentPostprocessing = 0;
		};
		189ACAA422BD8F48003EC3FC /* Sources */ = {
			isa = PBXSourcesBuildPhase;
			buildActionMask = 2147483647;
			files = (
				189ACAAD22BD8F48003EC3FC /* SeguePracticeUITests.swift in Sources */,
			);
			runOnlyForDeploymentPostprocessing = 0;
		};
/* End PBXSourcesBuildPhase section */

/* Begin PBXTargetDependency section */
		189ACA9F22BD8F48003EC3FC /* PBXTargetDependency */ = {
			isa = PBXTargetDependency;
			target = 189ACA8822BD8F47003EC3FC /* SeguePractice */;
			targetProxy = 189ACA9E22BD8F48003EC3FC /* PBXContainerItemProxy */;
		};
		189ACAAA22BD8F48003EC3FC /* PBXTargetDependency */ = {
			isa = PBXTargetDependency;
			target = 189ACA8822BD8F47003EC3FC /* SeguePractice */;
			targetProxy = 189ACAA922BD8F48003EC3FC /* PBXContainerItemProxy */;
		};
/* End PBXTargetDependency section */

/* Begin PBXVariantGroup section */
		189ACA9022BD8F47003EC3FC /* Main.storyboard */ = {
			isa = PBXVariantGroup;
			children = (
				189ACA9122BD8F47003EC3FC /* Base */,
			);
			name = Main.storyboard;
			sourceTree = "<group>";
		};
		189ACA9522BD8F48003EC3FC /* LaunchScreen.storyboard */ = {
			isa = PBXVariantGroup;
			children = (
				189ACA9622BD8F48003EC3FC /* Base */,
			);
			name = LaunchScreen.storyboard;
			sourceTree = "<group>";
		};
/* End PBXVariantGroup section */

/* Begin XCBuildConfiguration section */
		189ACAAF22BD8F48003EC3FC /* Debug */ = {
			isa = XCBuildConfiguration;
			buildSettings = {
				ALWAYS_SEARCH_USER_PATHS = NO;
				CLANG_ANALYZER_NONNULL = YES;
				CLANG_ANALYZER_NUMBER_OBJECT_CONVERSION = YES_AGGRESSIVE;
				CLANG_CXX_LANGUAGE_STANDARD = "gnu++14";
				CLANG_CXX_LIBRARY = "libc++";
				CLANG_ENABLE_MODULES = YES;
				CLANG_ENABLE_OBJC_ARC = YES;
				CLANG_ENABLE_OBJC_WEAK = YES;
				CLANG_WARN_BLOCK_CAPTURE_AUTORELEASING = YES;
				CLANG_WARN_BOOL_CONVERSION = YES;
				CLANG_WARN_COMMA = YES;
				CLANG_WARN_CONSTANT_CONVERSION = YES;
				CLANG_WARN_DEPRECATED_OBJC_IMPLEMENTATIONS = YES;
				CLANG_WARN_DIRECT_OBJC_ISA_USAGE = YES_ERROR;
				CLANG_WARN_DOCUMENTATION_COMMENTS = YES;
				CLANG_WARN_EMPTY_BODY = YES;
				CLANG_WARN_ENUM_CONVERSION = YES;
				CLANG_WARN_INFINITE_RECURSION = YES;
				CLANG_WARN_INT_CONVERSION = YES;
				CLANG_WARN_NON_LITERAL_NULL_CONVERSION = YES;
				CLANG_WARN_OBJC_IMPLICIT_RETAIN_SELF = YES;
				CLANG_WARN_OBJC_LITERAL_CONVERSION = YES;
				CLANG_WARN_OBJC_ROOT_CLASS = YES_ERROR;
				CLANG_WARN_RANGE_LOOP_ANALYSIS = YES;
				CLANG_WARN_STRICT_PROTOTYPES = YES;
				CLANG_WARN_SUSPICIOUS_MOVE = YES;
				CLANG_WARN_UNGUARDED_AVAILABILITY = YES_AGGRESSIVE;
				CLANG_WARN_UNREACHABLE_CODE = YES;
				CLANG_WARN__DUPLICATE_METHOD_MATCH = YES;
				CODE_SIGN_IDENTITY = "iPhone Developer";
				COPY_PHASE_STRIP = NO;
				DEBUG_INFORMATION_FORMAT = dwarf;
				ENABLE_STRICT_OBJC_MSGSEND = YES;
				ENABLE_TESTABILITY = YES;
				GCC_C_LANGUAGE_STANDARD = gnu11;
				GCC_DYNAMIC_NO_PIC = NO;
				GCC_NO_COMMON_BLOCKS = YES;
				GCC_OPTIMIZATION_LEVEL = 0;
				GCC_PREPROCESSOR_DEFINITIONS = (
					"DEBUG=1",
					"$(inherited)",
				);
				GCC_WARN_64_TO_32_BIT_CONVERSION = YES;
				GCC_WARN_ABOUT_RETURN_TYPE = YES_ERROR;
				GCC_WARN_UNDECLARED_SELECTOR = YES;
				GCC_WARN_UNINITIALIZED_AUTOS = YES_AGGRESSIVE;
				GCC_WARN_UNUSED_FUNCTION = YES;
				GCC_WARN_UNUSED_VARIABLE = YES;
				IPHONEOS_DEPLOYMENT_TARGET = 12.2;
				MTL_ENABLE_DEBUG_INFO = INCLUDE_SOURCE;
				MTL_FAST_MATH = YES;
				ONLY_ACTIVE_ARCH = YES;
				SDKROOT = iphoneos;
				SWIFT_ACTIVE_COMPILATION_CONDITIONS = DEBUG;
				SWIFT_OPTIMIZATION_LEVEL = "-Onone";
			};
			name = Debug;
		};
		189ACAB022BD8F48003EC3FC /* Release */ = {
			isa = XCBuildConfiguration;
			buildSettings = {
				ALWAYS_SEARCH_USER_PATHS = NO;
				CLANG_ANALYZER_NONNULL = YES;
				CLANG_ANALYZER_NUMBER_OBJECT_CONVERSION = YES_AGGRESSIVE;
				CLANG_CXX_LANGUAGE_STANDARD = "gnu++14";
				CLANG_CXX_LIBRARY = "libc++";
				CLANG_ENABLE_MODULES = YES;
				CLANG_ENABLE_OBJC_ARC = YES;
				CLANG_ENABLE_OBJC_WEAK = YES;
				CLANG_WARN_BLOCK_CAPTURE_AUTORELEASING = YES;
				CLANG_WARN_BOOL_CONVERSION = YES;
				CLANG_WARN_COMMA = YES;
				CLANG_WARN_CONSTANT_CONVERSION = YES;
				CLANG_WARN_DEPRECATED_OBJC_IMPLEMENTATIONS = YES;
				CLANG_WARN_DIRECT_OBJC_ISA_USAGE = YES_ERROR;
				CLANG_WARN_DOCUMENTATION_COMMENTS = YES;
				CLANG_WARN_EMPTY_BODY = YES;
				CLANG_WARN_ENUM_CONVERSION = YES;
				CLANG_WARN_INFINITE_RECURSION = YES;
				CLANG_WARN_INT_CONVERSION = YES;
				CLANG_WARN_NON_LITERAL_NULL_CONVERSION = YES;
				CLANG_WARN_OBJC_IMPLICIT_RETAIN_SELF = YES;
				CLANG_WARN_OBJC_LITERAL_CONVERSION = YES;
				CLANG_WARN_OBJC_ROOT_CLASS = YES_ERROR;
				CLANG_WARN_RANGE_LOOP_ANALYSIS = YES;
				CLANG_WARN_STRICT_PROTOTYPES = YES;
				CLANG_WARN_SUSPICIOUS_MOVE = YES;
				CLANG_WARN_UNGUARDED_AVAILABILITY = YES_AGGRESSIVE;
				CLANG_WARN_UNREACHABLE_CODE = YES;
				CLANG_WARN__DUPLICATE_METHOD_MATCH = YES;
				CODE_SIGN_IDENTITY = "iPhone Developer";
				COPY_PHASE_STRIP = NO;
				DEBUG_INFORMATION_FORMAT = "dwarf-with-dsym";
				ENABLE_NS_ASSERTIONS = NO;
				ENABLE_STRICT_OBJC_MSGSEND = YES;
				GCC_C_LANGUAGE_STANDARD = gnu11;
				GCC_NO_COMMON_BLOCKS = YES;
				GCC_WARN_64_TO_32_BIT_CONVERSION = YES;
				GCC_WARN_ABOUT_RETURN_TYPE = YES_ERROR;
				GCC_WARN_UNDECLARED_SELECTOR = YES;
				GCC_WARN_UNINITIALIZED_AUTOS = YES_AGGRESSIVE;
				GCC_WARN_UNUSED_FUNCTION = YES;
				GCC_WARN_UNUSED_VARIABLE = YES;
				IPHONEOS_DEPLOYMENT_TARGET = 12.2;
				MTL_ENABLE_DEBUG_INFO = NO;
				MTL_FAST_MATH = YES;
				SDKROOT = iphoneos;
				SWIFT_COMPILATION_MODE = wholemodule;
				SWIFT_OPTIMIZATION_LEVEL = "-O";
				VALIDATE_PRODUCT = YES;
			};
			name = Release;
		};
		189ACAB222BD8F48003EC3FC /* Debug */ = {
			isa = XCBuildConfiguration;
			buildSettings = {
				ASSETCATALOG_COMPILER_APPICON_NAME = AppIcon;
				CODE_SIGN_STYLE = Automatic;
				INFOPLIST_FILE = SeguePractice/Info.plist;
				LD_RUNPATH_SEARCH_PATHS = (
					"$(inherited)",
					"@executable_path/Frameworks",
				);
				PRODUCT_BUNDLE_IDENTIFIER = HS.SeguePractice;
				PRODUCT_NAME = "$(TARGET_NAME)";
				SWIFT_VERSION = 5.0;
				TARGETED_DEVICE_FAMILY = "1,2";
			};
			name = Debug;
		};
		189ACAB322BD8F48003EC3FC /* Release */ = {
			isa = XCBuildConfiguration;
			buildSettings = {
				ASSETCATALOG_COMPILER_APPICON_NAME = AppIcon;
				CODE_SIGN_STYLE = Automatic;
				INFOPLIST_FILE = SeguePractice/Info.plist;
				LD_RUNPATH_SEARCH_PATHS = (
					"$(inherited)",
					"@executable_path/Frameworks",
				);
				PRODUCT_BUNDLE_IDENTIFIER = HS.SeguePractice;
				PRODUCT_NAME = "$(TARGET_NAME)";
				SWIFT_VERSION = 5.0;
				TARGETED_DEVICE_FAMILY = "1,2";
			};
			name = Release;
		};
		189ACAB522BD8F48003EC3FC /* Debug */ = {
			isa = XCBuildConfiguration;
			buildSettings = {
				ALWAYS_EMBED_SWIFT_STANDARD_LIBRARIES = YES;
				BUNDLE_LOADER = "$(TEST_HOST)";
				CODE_SIGN_STYLE = Automatic;
				INFOPLIST_FILE = SeguePracticeTests/Info.plist;
				LD_RUNPATH_SEARCH_PATHS = (
					"$(inherited)",
					"@executable_path/Frameworks",
					"@loader_path/Frameworks",
				);
				PRODUCT_BUNDLE_IDENTIFIER = HS.SeguePracticeTests;
				PRODUCT_NAME = "$(TARGET_NAME)";
				SWIFT_VERSION = 5.0;
				TARGETED_DEVICE_FAMILY = "1,2";
				TEST_HOST = "$(BUILT_PRODUCTS_DIR)/SeguePractice.app/SeguePractice";
			};
			name = Debug;
		};
		189ACAB622BD8F48003EC3FC /* Release */ = {
			isa = XCBuildConfiguration;
			buildSettings = {
				ALWAYS_EMBED_SWIFT_STANDARD_LIBRARIES = YES;
				BUNDLE_LOADER = "$(TEST_HOST)";
				CODE_SIGN_STYLE = Automatic;
				INFOPLIST_FILE = SeguePracticeTests/Info.plist;
				LD_RUNPATH_SEARCH_PATHS = (
					"$(inherited)",
					"@executable_path/Frameworks",
					"@loader_path/Frameworks",
				);
				PRODUCT_BUNDLE_IDENTIFIER = HS.SeguePracticeTests;
				PRODUCT_NAME = "$(TARGET_NAME)";
				SWIFT_VERSION = 5.0;
				TARGETED_DEVICE_FAMILY = "1,2";
				TEST_HOST = "$(BUILT_PRODUCTS_DIR)/SeguePractice.app/SeguePractice";
			};
			name = Release;
		};
		189ACAB822BD8F48003EC3FC /* Debug */ = {
			isa = XCBuildConfiguration;
			buildSettings = {
				ALWAYS_EMBED_SWIFT_STANDARD_LIBRARIES = YES;
				CODE_SIGN_STYLE = Automatic;
				INFOPLIST_FILE = SeguePracticeUITests/Info.plist;
				LD_RUNPATH_SEARCH_PATHS = (
					"$(inherited)",
					"@executable_path/Frameworks",
					"@loader_path/Frameworks",
				);
				PRODUCT_BUNDLE_IDENTIFIER = HS.SeguePracticeUITests;
				PRODUCT_NAME = "$(TARGET_NAME)";
				SWIFT_VERSION = 5.0;
				TARGETED_DEVICE_FAMILY = "1,2";
				TEST_TARGET_NAME = SeguePractice;
			};
			name = Debug;
		};
		189ACAB922BD8F48003EC3FC /* Release */ = {
			isa = XCBuildConfiguration;
			buildSettings = {
				ALWAYS_EMBED_SWIFT_STANDARD_LIBRARIES = YES;
				CODE_SIGN_STYLE = Automatic;
				INFOPLIST_FILE = SeguePracticeUITests/Info.plist;
				LD_RUNPATH_SEARCH_PATHS = (
					"$(inherited)",
					"@executable_path/Frameworks",
					"@loader_path/Frameworks",
				);
				PRODUCT_BUNDLE_IDENTIFIER = HS.SeguePracticeUITests;
				PRODUCT_NAME = "$(TARGET_NAME)";
				SWIFT_VERSION = 5.0;
				TARGETED_DEVICE_FAMILY = "1,2";
				TEST_TARGET_NAME = SeguePractice;
			};
			name = Release;
		};
/* End XCBuildConfiguration section */

/* Begin XCConfigurationList section */
		189ACA8422BD8F47003EC3FC /* Build configuration list for PBXProject "SeguePractice" */ = {
			isa = XCConfigurationList;
			buildConfigurations = (
				189ACAAF22BD8F48003EC3FC /* Debug */,
				189ACAB022BD8F48003EC3FC /* Release */,
			);
			defaultConfigurationIsVisible = 0;
			defaultConfigurationName = Release;
		};
		189ACAB122BD8F48003EC3FC /* Build configuration list for PBXNativeTarget "SeguePractice" */ = {
			isa = XCConfigurationList;
			buildConfigurations = (
				189ACAB222BD8F48003EC3FC /* Debug */,
				189ACAB322BD8F48003EC3FC /* Release */,
			);
			defaultConfigurationIsVisible = 0;
			defaultConfigurationName = Release;
		};
		189ACAB422BD8F48003EC3FC /* Build configuration list for PBXNativeTarget "SeguePracticeTests" */ = {
			isa = XCConfigurationList;
			buildConfigurations = (
				189ACAB522BD8F48003EC3FC /* Debug */,
				189ACAB622BD8F48003EC3FC /* Release */,
			);
			defaultConfigurationIsVisible = 0;
			defaultConfigurationName = Release;
		};
		189ACAB722BD8F48003EC3FC /* Build configuration list for PBXNativeTarget "SeguePracticeUITests" */ = {
			isa = XCConfigurationList;
			buildConfigurations = (
				189ACAB822BD8F48003EC3FC /* Debug */,
				189ACAB922BD8F48003EC3FC /* Release */,
			);
			defaultConfigurationIsVisible = 0;
			defaultConfigurationName = Release;
		};
/* End XCConfigurationList section */
	};
	rootObject = 189ACA8122BD8F47003EC3FC /* Project object */;
}
